// !$*UTF8*$!
{
	archiveVersion = 1;
	classes = {};
	objectVersion = 56;
	objects = {
		000000000000000000000005 = { isa = PBXFileReference; lastKnownFileType = sourcecode.swift; path = IOSApp.swift; sourceTree = "<group>"; };
		000000000000000000000006 = { isa = PBXFileReference; lastKnownFileType = sourcecode.swift; path = ContentView.swift; sourceTree = "<group>"; };
		000000000000000000000007 = { isa = PBXFileReference; explicitFileType = wrapper.application; includeInIndex = 0; path = IOSApp.app; sourceTree = BUILT_PRODUCTS_DIR; };
		000000000000000000000008 = { isa = PBXBuildFile; fileRef = 000000000000000000000005; };
		000000000000000000000009 = { isa = PBXBuildFile; fileRef = 000000000000000000000006; };
		000000000000000000000002 = { isa = PBXGroup; children = (000000000000000000000003, 000000000000000000000004); sourceTree = "<group>"; };
		000000000000000000000003 = { isa = PBXGroup; children = (000000000000000000000005, 000000000000000000000006); path = IOSApp; sourceTree = "<group>"; };
		000000000000000000000004 = { isa = PBXGroup; children = (000000000000000000000007); name = Products; sourceTree = "<group>"; };
		00000000000000000000000A = { isa = PBXSourcesBuildPhase; buildActionMask = 2147483647; files = (000000000000000000000008, 000000000000000000000009); runOnlyForDeploymentPostprocessing = 0; };
		00000000000000000000000B = { isa = PBXFrameworksBuildPhase; buildActionMask = 2147483647; files = (); runOnlyForDeploymentPostprocessing = 0; };
		00000000000000000000000C = { isa = PBXResourcesBuildPhase; buildActionMask = 2147483647; files = (); runOnlyForDeploymentPostprocessing = 0; };
		00000000000000000000000D = { isa = PBXNativeTarget; buildConfigurationList = 00000000000000000000000F; buildPhases = (00000000000000000000000A, 00000000000000000000000B, 00000000000000000000000C); buildRules = (); dependencies = (); name = IOSApp; productName = IOSApp; productReference = 000000000000000000000007; productType = "com.apple.product-type.application"; };
		000000000000000000000001 = { isa = PBXProject; attributes = { LastUpgradeCheck = 1500; }; buildConfigurationList = 00000000000000000000000E; compatibilityVersion = "Xcode 14.0"; developmentRegion = en; hasScannedForEncodings = 0; knownRegions = (en, Base); mainGroup = 000000000000000000000002; productRefGroup = 000000000000000000000004; projectDirPath = ""; projectRoot = ""; targets = (00000000000000000000000D); };
		000000000000000000000010 = { isa = XCBuildConfiguration; buildSettings = { CLANG_ENABLE_MODULES = YES; SDKROOT = iphoneos; IPHONEOS_DEPLOYMENT_TARGET = 17.0; SWIFT_OPTIMIZATION_LEVEL = "-Onone"; DEBUG_INFORMATION_FORMAT = dwarf; SWIFT_ACTIVE_COMPILATION_CONDITIONS = DEBUG; }; name = Debug; };
		000000000000000000000011 = { isa = XCBuildConfiguration; buildSettings = { CLANG_ENABLE_MODULES = YES; SDKROOT = iphoneos; IPHONEOS_DEPLOYMENT_TARGET = 17.0; SWIFT_OPTIMIZATION_LEVEL = "-O"; DEBUG_INFORMATION_FORMAT = "dwarf-with-dsym"; }; name = Release; };
		000000000000000000000012 = { isa = XCBuildConfiguration; buildSettings = { CLANG_ENABLE_MODULES = YES; SDKROOT = iphoneos; IPHONEOS_DEPLOYMENT_TARGET = 17.0; CODE_SIGN_STYLE = Automatic; GENERATE_INFOPLIST_FILE = YES; INFOPLIST_KEY_UIApplicationSceneManifest_Generation = YES; INFOPLIST_KEY_UILaunchScreen_Generation = YES; INFOPLIST_KEY_UISupportedInterfaceOrientations = "UIInterfaceOrientationPortrait UIInterfaceOrientationLandscapeLeft UIInterfaceOrientationLandscapeRight"; PRODUCT_BUNDLE_IDENTIFIER = com.dbars.ios; PRODUCT_NAME = "$(TARGET_NAME)"; SWIFT_VERSION = 5.0; TARGETED_DEVICE_FAMILY = "1,2"; MARKETING_VERSION = 1.0; CURRENT_PROJECT_VERSION = 1; SWIFT_OPTIMIZATION_LEVEL = "-Onone"; DEBUG_INFORMATION_FORMAT = dwarf; SWIFT_ACTIVE_COMPILATION_CONDITIONS = DEBUG; }; name = Debug; };
		000000000000000000000013 = { isa = XCBuildConfiguration; buildSettings = { CLANG_ENABLE_MODULES = YES; SDKROOT = iphoneos; IPHONEOS_DEPLOYMENT_TARGET = 17.0; CODE_SIGN_STYLE = Automatic; GENERATE_INFOPLIST_FILE = YES; INFOPLIST_KEY_UIApplicationSceneManifest_Generation = YES; INFOPLIST_KEY_UILaunchScreen_Generation = YES; INFOPLIST_KEY_UISupportedInterfaceOrientations = "UIInterfaceOrientationPortrait UIInterfaceOrientationLandscapeLeft UIInterfaceOrientationLandscapeRight"; PRODUCT_BUNDLE_IDENTIFIER = com.dbars.ios; PRODUCT_NAME = "$(TARGET_NAME)"; SWIFT_VERSION = 5.0; TARGETED_DEVICE_FAMILY = "1,2"; MARKETING_VERSION = 1.0; CURRENT_PROJECT_VERSION = 1; SWIFT_OPTIMIZATION_LEVEL = "-O"; DEBUG_INFORMATION_FORMAT = "dwarf-with-dsym"; }; name = Release; };
		00000000000000000000000E = { isa = XCConfigurationList; buildConfigurations = (000000000000000000000010, 000000000000000000000011); defaultConfigurationIsVisible = 0; defaultConfigurationName = Release; };
		00000000000000000000000F = { isa = XCConfigurationList; buildConfigurations = (000000000000000000000012, 000000000000000000000013); defaultConfigurationIsVisible = 0; defaultConfigurationName = Release; };
	};
	rootObject = 000000000000000000000001;
}
